{
  "version": 4,
  "terraform_version": "0.12.20",
  "serial": 53,
  "lineage": "1a9c1092-49df-d2ad-74c4-2a805be6de56",
  "outputs": {
    "cluster_name": {
      "value": "fghij",
      "type": "string"
    },
    "lb_ip": {
      "value": "35.227.176.119",
      "type": "string"
    },
    "name_servers": {
      "value": [
        "ns-cloud-b1.googledomains.com.",
        "ns-cloud-b2.googledomains.com.",
        "ns-cloud-b3.googledomains.com.",
        "ns-cloud-b4.googledomains.com."
      ],
      "type": [
        "list",
        "string"
      ]
    },
    "zone": {
      "value": "us-west1",
      "type": "string"
    }
  },
  "resources": [
    {
      "mode": "managed",
      "type": "google_compute_address",
      "name": "load_balancer_external_ip",
      "provider": "provider.google",
      "instances": [
        {
          "schema_version": 0,
          "attributes": {
            "address": "35.227.176.119",
            "address_type": "EXTERNAL",
            "creation_timestamp": "2020-04-10T19:43:07.556-07:00",
            "description": "",
            "id": "projects/cff-diego-persistence/regions/us-west1/addresses/fghij",
            "name": "fghij",
            "network_tier": "PREMIUM",
            "project": "cff-diego-persistence",
            "purpose": "",
            "region": "us-west1",
            "self_link": "https://www.googleapis.com/compute/v1/projects/cff-diego-persistence/regions/us-west1/addresses/fghij",
            "subnetwork": "",
            "timeouts": null,
            "users": []
          },
          "private": "eyJlMmJmYjczMC1lY2FhLTExZTYtOGY4OC0zNDM2M2JjN2M0YzAiOnsiY3JlYXRlIjoyNDAwMDAwMDAwMDAsImRlbGV0ZSI6MjQwMDAwMDAwMDAwfX0="
        }
      ]
    },
    {
      "mode": "managed",
      "type": "google_container_cluster",
      "name": "test_cluster",
      "provider": "provider.google",
      "instances": [
        {
          "schema_version": 1,
          "attributes": {
            "additional_zones": [],
            "addons_config": [
              {
                "horizontal_pod_autoscaling": [],
                "http_load_balancing": [],
                "kubernetes_dashboard": [],
                "network_policy_config": [
                  {
                    "disabled": true
                  }
                ]
              }
            ],
            "authenticator_groups_config": [],
            "cluster_autoscaling": [
              {
                "auto_provisioning_defaults": [],
                "enabled": false,
                "resource_limits": []
              }
            ],
            "cluster_ipv4_cidr": "10.8.0.0/14",
            "default_max_pods_per_node": 110,
            "description": "",
            "enable_binary_authorization": false,
            "enable_intranode_visibility": null,
            "enable_kubernetes_alpha": false,
            "enable_legacy_abac": false,
            "enable_tpu": null,
            "endpoint": "35.227.142.169",
            "id": "projects/cff-diego-persistence/locations/us-west1-a/clusters/fghij",
            "initial_node_count": 3,
            "instance_group_urls": [
              "https://www.googleapis.com/compute/v1/projects/cff-diego-persistence/zones/us-west1-a/instanceGroups/gke-fghij-default-pool-9e1b86b5-grp"
            ],
            "ip_allocation_policy": [],
            "label_fingerprint": "a9dc16a7",
            "location": "us-west1-a",
            "logging_service": "logging.googleapis.com/kubernetes",
            "maintenance_policy": [],
            "master_auth": [
              {
                "client_certificate": "",
                "client_certificate_config": [
                  {
                    "issue_client_certificate": false
                  }
                ],
                "client_key": "",
                "cluster_ca_certificate": "LS0tLS1CRUdJTiBDRVJUSUZJQ0FURS0tLS0tCk1JSURERENDQWZTZ0F3SUJBZ0lSQU4waWp1QUdYRjNNSkhEZllKNVpBKzR3RFFZSktvWklodmNOQVFFTEJRQXcKTHpFdE1Dc0dBMVVFQXhNa05HSmlZelUxTXpJdE5Ea3paQzAwT0RRMExXSXdaVEF0WXpoaVlXSTJNR00xTVRObQpNQjRYRFRJd01EUXhNVEF4TkRNd04xb1hEVEkxTURReE1EQXlORE13TjFvd0x6RXRNQ3NHQTFVRUF4TWtOR0ppCll6VTFNekl0TkRrelpDMDBPRFEwTFdJd1pUQXRZemhpWVdJMk1HTTFNVE5tTUlJQklqQU5CZ2txaGtpRzl3MEIKQVFFRkFBT0NBUThBTUlJQkNnS0NBUUVBdXZoaHVDbklGcmVVQlBObUtObktaSk5uVXdTTmp6ajd2cHFzRnNYYgpWejduRGlpNXVDZVZjaEl0QU9OYjVIcjlEdUFkVXRZNVdSeUV4cTJ0MFV6TTdJbWlrODZycTgzK3lGaHoxT0JBClltOCt1VmRDdytvVGVnNEw3MVN1aUFzV28wZlI4TWxSaUpsZlJYR3Z1TFI5WVNiZmRDc3doblF2alJXV3RhV2wKZmZyVEZUT0wrL2ZLUndTT3ZrdUE5cDQyYnpSd050SGpmUHhCb2hYYzlyaXFtK1lQc05oclR2OENLMzZEQ1JiZAp2MUQxd1JqT3BQWldoQm5MOWZSSlo5R0Y0WXRRbC96T3NUWUZKZWc5Mll2Tk5tY0JkU2JSTHJ6T1Ztc2o0dFZYCmpVbjdZYmRQbmFQaW90RzE1OFBnN1NFOERjVU1UODN1YkMwc1o4SkVZWlA1eVFJREFRQUJveU13SVRBT0JnTlYKSFE4QkFmOEVCQU1DQWdRd0R3WURWUjBUQVFIL0JBVXdBd0VCL3pBTkJna3Foa2lHOXcwQkFRc0ZBQU9DQVFFQQpBS0s3OUJ6c0RScU52RnhoelJ4OUIxWEZObUc3eWVqT3U2eEpsaW8xR1A1d09OdWJ4S2JpZjBGZGN6NWhJVExBCjhTSDVGZVhmeE1Edi9oVXFHTHF1Z0VNYk5sRjZ0cjc4MVVEN3ZQRmhSSnZlbTQ5QXFEL01yY3UrTUNNRmRQeUEKeFREZENzdUlFcUs1Vy80NmM0bXBLQ1BFbUl3c0plWjRnSDR3SmFUd0NFSWU2NGlmdUNtSEI4SnYzNlRRcGxWQQpSZ3A5L1cyNTFYaG0xU3p0c0NCTnhXUTZlZTJNd0ozc2Jlem5FZk1jL25JMUk3M3hzRmZKTmp4SUEwckJCem5DCnpWTEY5SVZ3M29xS25MTTdIUTZYM1F6SlNuYzF3cUhldlBDakFaNmh5WHV3SGtPSDVvcmkzdHkzR0VlcExVMUgKQ255UzBseDlPY2FmaTdIMTNzVjcrZz09Ci0tLS0tRU5EIENFUlRJRklDQVRFLS0tLS0K",
                "password": "",
                "username": ""
              }
            ],
            "master_authorized_networks_config": [],
            "master_version": "1.14.10-gke.27",
            "min_master_version": null,
            "monitoring_service": "monitoring.googleapis.com/kubernetes",
            "name": "fghij",
            "network": "projects/cff-diego-persistence/global/networks/default",
            "network_policy": [
              {
                "enabled": false,
                "provider": "PROVIDER_UNSPECIFIED"
              }
            ],
            "node_config": [
              {
                "disk_size_gb": 100,
                "disk_type": "pd-standard",
                "guest_accelerator": [],
                "image_type": "UBUNTU",
                "labels": {},
                "local_ssd_count": 0,
                "machine_type": "n1-standard-4",
                "metadata": {
                  "disable-legacy-endpoints": "true"
                },
                "min_cpu_platform": "",
                "oauth_scopes": [
                  "https://www.googleapis.com/auth/logging.write",
                  "https://www.googleapis.com/auth/monitoring"
                ],
                "preemptible": true,
                "sandbox_config": [],
                "service_account": "default",
                "shielded_instance_config": [
                  {
                    "enable_integrity_monitoring": true,
                    "enable_secure_boot": false
                  }
                ],
                "tags": null,
                "taint": [],
                "workload_metadata_config": []
              }
            ],
            "node_locations": [],
            "node_pool": [
              {
                "autoscaling": [],
                "initial_node_count": 3,
                "instance_group_urls": [
                  "https://www.googleapis.com/compute/v1/projects/cff-diego-persistence/zones/us-west1-a/instanceGroupManagers/gke-fghij-default-pool-9e1b86b5-grp"
                ],
                "management": [
                  {
                    "auto_repair": false,
                    "auto_upgrade": true
                  }
                ],
                "max_pods_per_node": 0,
                "name": "default-pool",
                "name_prefix": "",
                "node_config": [
                  {
                    "disk_size_gb": 100,
                    "disk_type": "pd-standard",
                    "guest_accelerator": [],
                    "image_type": "UBUNTU",
                    "labels": {},
                    "local_ssd_count": 0,
                    "machine_type": "n1-standard-4",
                    "metadata": {
                      "disable-legacy-endpoints": "true"
                    },
                    "min_cpu_platform": "",
                    "oauth_scopes": [
                      "https://www.googleapis.com/auth/logging.write",
                      "https://www.googleapis.com/auth/monitoring"
                    ],
                    "preemptible": true,
                    "sandbox_config": [],
                    "service_account": "default",
                    "shielded_instance_config": [
                      {
                        "enable_integrity_monitoring": true,
                        "enable_secure_boot": false
                      }
                    ],
                    "tags": [],
                    "taint": [],
                    "workload_metadata_config": []
                  }
                ],
                "node_count": 3,
                "upgrade_settings": [],
                "version": "1.14.10-gke.27"
              }
            ],
            "node_version": "1.14.10-gke.27",
            "operation": null,
            "pod_security_policy_config": null,
            "private_cluster_config": [],
            "project": "cff-diego-persistence",
            "region": null,
            "remove_default_node_pool": false,
            "resource_labels": null,
            "resource_usage_export_config": [],
            "services_ipv4_cidr": "10.11.240.0/20",
            "subnetwork": "projects/cff-diego-persistence/regions/us-west1/subnetworks/default",
            "timeouts": null,
            "vertical_pod_autoscaling": [],
            "zone": null
          },
          "private": "eyJlMmJmYjczMC1lY2FhLTExZTYtOGY4OC0zNDM2M2JjN2M0YzAiOnsiY3JlYXRlIjoyNDAwMDAwMDAwMDAwLCJkZWxldGUiOjI0MDAwMDAwMDAwMDAsInVwZGF0ZSI6MzYwMDAwMDAwMDAwMH0sInNjaGVtYV92ZXJzaW9uIjoiMSJ9"
        }
      ]
    },
    {
      "mode": "managed",
      "type": "google_dns_managed_zone",
      "name": "cluster_zone",
      "provider": "provider.google",
      "instances": [
        {
          "schema_version": 0,
          "attributes": {
            "description": "DNS for fghij.persi.cf-pp.com",
            "dns_name": "fghij.persi.cf-app.com.",
            "dnssec_config": [],
            "id": "projects/cff-diego-persistence/managedZones/fghij",
            "labels": null,
            "name": "fghij",
            "name_servers": [
              "ns-cloud-b1.googledomains.com.",
              "ns-cloud-b2.googledomains.com.",
              "ns-cloud-b3.googledomains.com.",
              "ns-cloud-b4.googledomains.com."
            ],
            "private_visibility_config": [],
            "project": "cff-diego-persistence",
            "timeouts": null,
            "visibility": "public"
          },
          "private": "eyJlMmJmYjczMC1lY2FhLTExZTYtOGY4OC0zNDM2M2JjN2M0YzAiOnsiY3JlYXRlIjoyNDAwMDAwMDAwMDAsImRlbGV0ZSI6MjQwMDAwMDAwMDAwLCJ1cGRhdGUiOjI0MDAwMDAwMDAwMH19"
        }
      ]
    },
    {
      "mode": "managed",
      "type": "google_dns_record_set",
      "name": "a",
      "provider": "provider.google",
      "instances": [
        {
          "schema_version": 0,
          "attributes": {
            "id": "fghij/*.fghij.persi.cf-app.com./A",
            "managed_zone": "fghij",
            "name": "*.fghij.persi.cf-app.com.",
            "project": "cff-diego-persistence",
            "rrdatas": [
              "35.227.176.119"
            ],
            "ttl": 300,
            "type": "A"
          },
          "private": "bnVsbA==",
          "dependencies": [
            "google_compute_address.load_balancer_external_ip",
            "google_dns_managed_zone.cluster_zone"
          ]
        }
      ]
    }
  ]
}
